
Microsoft Visual Studio Solution File, Format Version 12.00
# Visual Studio Version 16
VisualStudioVersion = 16.0.31019.35
MinimumVisualStudioVersion = 10.0.40219.1
Project("{FAE04EC0-301F-11D3-BF4B-00C04F79EFBC}") = "Squares", "Squares\Squares.csproj", "{D19DBC89-3C7B-40CB-A80E-9D9315F25C26}"
EndProject
Global
	GlobalSection(SolutionConfigurationPlatforms) = preSolution
		Debug|Any CPU = Debug|Any CPU
		Release|Any CPU = Release|Any CPU
	EndGlobalSection
	GlobalSection(ProjectConfigurationPlatforms) = postSolution
		{D19DBC89-3C7B-40CB-A80E-9D9315F25C26}.Debug|Any CPU.ActiveCfg = Debug|Any CPU
		{D19DBC89-3C7B-40CB-A80E-9D9315F25C26}.Debug|Any CPU.Build.0 = Debug|Any CPU
		{D19DBC89-3C7B-40CB-A80E-9D9315F25C26}.Release|Any CPU.ActiveCfg = Release|Any CPU
		{D19DBC89-3C7B-40CB-A80E-9D9315F25C26}.Release|Any CPU.Build.0 = Release|Any CPU
	EndGlobalSection
	GlobalSection(SolutionProperties) = preSolution
		HideSolutionNode = FALSE
	EndGlobalSection
	GlobalSection(ExtensibilityGlobals) = postSolution
		SolutionGuid = {68DC668D-F886-4874-8A92-75BF324DA6D3}
	EndGlobalSection
EndGlobal
